{
  "name": "js-file-uploader",
  "version": "1.4.0",
  "lockfileVersion": 1,
  "requires": true,
  "dependencies": {
    "bootstrap": {
      "version": "4.5.0",
      "resolved": "https://registry.npmjs.org/bootstrap/-/bootstrap-4.5.0.tgz",
      "integrity": "sha512-Z93QoXvodoVslA+PWNdk23Hze4RBYIkpb5h8I2HY2Tu2h7A0LpAgLcyrhrSUyo2/Oxm2l1fRZPs1e5hnxnliXA==",
      "dev": true
    },
    "m-layout-tools": {
      "version": "2.0.3",
      "resolved": "https://registry.npmjs.org/m-layout-tools/-/m-layout-tools-2.0.3.tgz",
      "integrity": "sha512-8WxU6mraIne/YV3PuqCkFDp5P1D/LF0Ib6mQhA4ZNaPxFjFj+TjmBVm03jvgyGk5lIhl2XffVthfXtYywdNNqQ==",
      "dev": true
    }
  }
}
