{
  "name": "js-file-uploader",
  "version": "2.2.2",
  "lockfileVersion": 1,
  "requires": true,
  "dependencies": {
    "bootstrap": {
      "version": "4.3.1",
      "resolved": "https://registry.npmjs.org/bootstrap/-/bootstrap-4.3.1.tgz",
      "integrity": "sha512-rXqOmH1VilAt2DyPzluTi2blhk17bO7ef+zLLPlWvG494pDxcM234pJ8wTc/6R40UWizAIIMgxjvxZg5kmsbag==",
      "dev": true
    },
    "jquery": {
      "version": "3.4.1",
      "resolved": "https://registry.npmjs.org/jquery/-/jquery-3.4.1.tgz",
      "integrity": "sha512-36+AdBzCL+y6qjw5Tx7HgzeGCzC81MDDgaUP8ld2zhx58HdqXGoBd+tHdrBMiyjGQs0Hxs/MLZTu/eHNJJuWPw==",
      "dev": true
    },
    "m-layout-tools": {
      "version": "2.0.1",
      "resolved": "https://registry.npmjs.org/m-layout-tools/-/m-layout-tools-2.0.1.tgz",
      "integrity": "sha512-KaE5NyJCbLVXW0toary5LOq+ReWdziXC2Sbnq059IIkhdRjej+IW/mVkcF/7xCuQA2K9k9pE7rN2WYCe1oxffw==",
      "dev": true
    }
  }
}
